
Microsoft Visual Studio Solution File, Format Version 12.00
# Visual Studio Version 17
VisualStudioVersion = 17.0.31903.59
MinimumVisualStudioVersion = 10.0.40219.1
Project("{FAE04EC0-301F-11D3-BF4B-00C04F79EFBC}") = "SmileyMeow", "SmileyMeow\SmileyMeow.csproj", "{E3D08973-65FB-48D3-B3E9-A6A75D283715}"
EndProject
Project("{FAE04EC0-301F-11D3-BF4B-00C04F79EFBC}") = "VetClinicLibrary", "VetClinicLibrary\VetClinicLibrary.csproj", "{FC0AA275-F032-40AC-B79A-F0DA50C09461}"
EndProject
Global
	GlobalSection(SolutionConfigurationPlatforms) = preSolution
		Debug|Any CPU = Debug|Any CPU
		Release|Any CPU = Release|Any CPU
	EndGlobalSection
	GlobalSection(SolutionProperties) = preSolution
		HideSolutionNode = FALSE
	EndGlobalSection
	GlobalSection(ProjectConfigurationPlatforms) = postSolution
		{E3D08973-65FB-48D3-B3E9-A6A75D283715}.Debug|Any CPU.ActiveCfg = Debug|Any CPU
		{E3D08973-65FB-48D3-B3E9-A6A75D283715}.Debug|Any CPU.Build.0 = Debug|Any CPU
		{E3D08973-65FB-48D3-B3E9-A6A75D283715}.Release|Any CPU.ActiveCfg = Release|Any CPU
		{E3D08973-65FB-48D3-B3E9-A6A75D283715}.Release|Any CPU.Build.0 = Release|Any CPU
		{367DD246-2DBD-4D59-B18D-7667A6589EDD}.Debug|Any CPU.ActiveCfg = Debug|Any CPU
		{367DD246-2DBD-4D59-B18D-7667A6589EDD}.Debug|Any CPU.Build.0 = Debug|Any CPU
		{367DD246-2DBD-4D59-B18D-7667A6589EDD}.Release|Any CPU.ActiveCfg = Release|Any CPU
		{367DD246-2DBD-4D59-B18D-7667A6589EDD}.Release|Any CPU.Build.0 = Release|Any CPU
		{654B002F-B9A3-40E3-90E1-64594B0891DF}.Debug|Any CPU.ActiveCfg = Debug|Any CPU
		{654B002F-B9A3-40E3-90E1-64594B0891DF}.Debug|Any CPU.Build.0 = Debug|Any CPU
		{654B002F-B9A3-40E3-90E1-64594B0891DF}.Release|Any CPU.ActiveCfg = Release|Any CPU
		{654B002F-B9A3-40E3-90E1-64594B0891DF}.Release|Any CPU.Build.0 = Release|Any CPU
		{FC0AA275-F032-40AC-B79A-F0DA50C09461}.Debug|Any CPU.ActiveCfg = Debug|Any CPU
		{FC0AA275-F032-40AC-B79A-F0DA50C09461}.Debug|Any CPU.Build.0 = Debug|Any CPU
		{FC0AA275-F032-40AC-B79A-F0DA50C09461}.Release|Any CPU.ActiveCfg = Release|Any CPU
		{FC0AA275-F032-40AC-B79A-F0DA50C09461}.Release|Any CPU.Build.0 = Release|Any CPU
	EndGlobalSection
EndGlobal
